{
  "name": "bundle",
  "version": "1.0.0",
  "lockfileVersion": 1,
  "requires": true,
  "dependencies": {
    "@types/jest": {
      "version": "24.0.18",
      "resolved": "http://r.cnpmjs.org/@types/jest/download/@types/jest-24.0.18.tgz",
      "integrity": "sha1-nHhY1FDFniFkqKnfCQX8UJGURJg=",
      "dev": true,
      "requires": {
        "@types/jest-diff": "*"
      }
    },
    "@types/jest-diff": {
      "version": "20.0.1",
      "resolved": "http://r.cnpmjs.org/@types/jest-diff/download/@types/jest-diff-20.0.1.tgz",
      "integrity": "sha1-NcwVucTzChjvIYUuJV/bAvbVm4k=",
      "dev": true
    }
  }
}
